# This file is automatically @generated by Cargo.
# It is not intended for manual editing.
version = 4

[[package]]
name = "wt-dsp"
version = "0.1.0"

[[package]]
name = "wt-engine"
version = "0.1.0"
dependencies = [
 "wt-dsp",
]

[[package]]
name = "wt-engine-wasm"
version = "0.1.0"
dependencies = [
 "wt-engine",
]
